# THIS IS AN AUTOGENERATED FILE. DO NOT EDIT THIS FILE DIRECTLY.
# yarn lockfile v1


"@babel/parser@^7.5.5":
  version "7.5.5"
  resolved "https://registry.yarnpkg.com/@babel/parser/-/parser-7.5.5.tgz#02f077ac8817d3df4a832ef59de67565e71cca4b"
  integrity sha512-E5BN68cqR7dhKan1SfqgPGhQ178bkVKpXTPEXnFJBrEt8/DKRZlybmy+IgYLTeN7tp1R5Ccmbm2rBk17sHYU3g==

"@babel/types@^7.5.5":
  version "7.5.5"
  resolved "https://registry.yarnpkg.com/@babel/types/-/types-7.5.5.tgz#97b9f728e182785909aa4ab56264f090a028d18a"
  integrity sha512-s63F9nJioLqOlW3UkyMd+BYhXt44YuaFm/VV0VwuteqjYwRrObkU7ra9pY4wAJR3oXi8hJrMcrcJdO/HH33vtw==
  dependencies:
    esutils "^2.0.2"
    lodash "^4.17.13"
    to-fast-properties "^2.0.0"

"@types/node@^12.6.8":
  version "12.7.0"
  resolved "https://registry.yarnpkg.com/@types/node/-/node-12.7.0.tgz#545dde2a1a5c27d281cfb8308d6736e0708f5d6c"
  integrity sha512-vqcj1MVm2Sla4PpMfYKh1MyDN4D2f/mPIZD7RdAGqEsbE+JxfeqQHHVbRDQ0Nqn8i73gJa1HQ1Pu3+nH4Q0Yiw==

commander@^2.20.0:
  version "2.20.0"
  resolved "https://registry.yarnpkg.com/commander/-/commander-2.20.0.tgz#d58bb2b5c1ee8f87b0d340027e9e94e222c5a422"
  integrity sha512-7j2y+40w61zy6YC2iRNpUe/NwhNyoXrYpHMrSunaMG64nRnaf96zO/KMQR4OyN/UnE5KLyEBnKHd4aG3rskjpQ==

esutils@^2.0.2:
  version "2.0.3"
  resolved "https://registry.yarnpkg.com/esutils/-/esutils-2.0.3.tgz#74d2eb4de0b8da1293711910d50775b9b710ef64"
  integrity sha512-kVscqXk4OCp68SZ0dkgEKVi6/8ij300KBWTJq32P/dYeWTSwK41WyTxalN1eRmA5Z9UU/LX9D7FWSmV9SAYx6g==

lodash@^4.17.13:
  version "4.17.15"
  resolved "https://registry.yarnpkg.com/lodash/-/lodash-4.17.15.tgz#b447f6670a0455bbfeedd11392eff330ea097548"
  integrity sha512-8xOcRHvCjnocdS5cpwXQXVzmmh5e5+saE2QGoeQmbKmRS6J3VQppPOIt0MnmE+4xlZoumy0GPG0D0MVIQbNA1A==

prettier@^1.18.2:
  version "1.18.2"
  resolved "https://registry.yarnpkg.com/prettier/-/prettier-1.18.2.tgz#6823e7c5900017b4bd3acf46fe9ac4b4d7bda9ea"
  integrity sha512-OeHeMc0JhFE9idD4ZdtNibzY0+TPHSpSSb9h8FqtP+YnoZZ1sl8Vc9b1sasjfymH3SonAF4QcA2+mzHPhMvIiw==

to-fast-properties@^2.0.0:
  version "2.0.0"
  resolved "https://registry.yarnpkg.com/to-fast-properties/-/to-fast-properties-2.0.0.tgz#dc5e698cbd079265bc73e0377681a4e4e83f616e"
  integrity sha1-3F5pjL0HkmW8c+A3doGk5Og/YW4=
