# THIS IS AN AUTOGENERATED FILE. DO NOT EDIT THIS FILE DIRECTLY.
# yarn lockfile v1


"@babel/parser@^7.5.5":
  version "7.5.5"
  resolved "https://registry.yarnpkg.com/@babel/parser/-/parser-7.5.5.tgz#02f077ac8817d3df4a832ef59de67565e71cca4b"
  integrity sha512-E5BN68cqR7dhKan1SfqgPGhQ178bkVKpXTPEXnFJBrEt8/DKRZlybmy+IgYLTeN7tp1R5Ccmbm2rBk17sHYU3g==

"@types/node@^12.6.8":
  version "12.7.0"
  resolved "https://registry.yarnpkg.com/@types/node/-/node-12.7.0.tgz#545dde2a1a5c27d281cfb8308d6736e0708f5d6c"
  integrity sha512-vqcj1MVm2Sla4PpMfYKh1MyDN4D2f/mPIZD7RdAGqEsbE+JxfeqQHHVbRDQ0Nqn8i73gJa1HQ1Pu3+nH4Q0Yiw==

commander@^2.20.0:
  version "2.20.0"
  resolved "https://registry.yarnpkg.com/commander/-/commander-2.20.0.tgz#d58bb2b5c1ee8f87b0d340027e9e94e222c5a422"
  integrity sha512-7j2y+40w61zy6YC2iRNpUe/NwhNyoXrYpHMrSunaMG64nRnaf96zO/KMQR4OyN/UnE5KLyEBnKHd4aG3rskjpQ==

prettier@^1.18.2:
  version "1.18.2"
  resolved "https://registry.yarnpkg.com/prettier/-/prettier-1.18.2.tgz#6823e7c5900017b4bd3acf46fe9ac4b4d7bda9ea"
  integrity sha512-OeHeMc0JhFE9idD4ZdtNibzY0+TPHSpSSb9h8FqtP+YnoZZ1sl8Vc9b1sasjfymH3SonAF4QcA2+mzHPhMvIiw==
